# generated by rye
# use `rye lock` or `rye sync` to update this lockfile
#
# last locked with the following flags:
#   pre: false
#   features: []
#   all-features: false
#   with-sources: false
#   generate-hashes: false
#   universal: false

-e file:.
aiohappyeyeballs==2.6.1
    # via aiohttp
aiohttp==3.13.2
    # via text-to-video-agent
aiosignal==1.4.0
    # via aiohttp
annotated-doc==0.0.4
    # via fastapi
annotated-types==0.7.0
    # via pydantic
anyio==4.11.0
    # via httpx
    # via openai
    # via sse-starlette
    # via starlette
attrs==25.4.0
    # via aiohttp
certifi==2025.10.5
    # via httpcore
    # via httpx
    # via requests
charset-normalizer==3.4.4
    # via requests
click==8.3.0
    # via uvicorn
distro==1.9.0
    # via openai
fastapi==0.121.1
    # via fastapi-poe
fastapi-poe==0.0.75
    # via text-to-video-agent
frozenlist==1.8.0
    # via aiohttp
    # via aiosignal
h11==0.16.0
    # via httpcore
    # via uvicorn
httpcore==1.0.9
    # via httpx
httpx==0.28.1
    # via fastapi-poe
    # via openai
httpx-sse==0.4.3
    # via fastapi-poe
idna==3.11
    # via anyio
    # via httpx
    # via requests
    # via yarl
jiter==0.12.0
    # via openai
multidict==6.7.0
    # via aiohttp
    # via yarl
openai==2.7.2
    # via text-to-video-agent
pillow==12.0.0
    # via text-to-video-agent
propcache==0.4.1
    # via aiohttp
    # via yarl
pydantic==2.12.4
    # via fastapi
    # via fastapi-poe
    # via openai
    # via text-to-video-agent
pydantic-core==2.41.5
    # via pydantic
python-dotenv==1.2.1
    # via text-to-video-agent
requests==2.32.5
    # via text-to-video-agent
sniffio==1.3.1
    # via anyio
    # via openai
sse-starlette==3.0.3
    # via fastapi-poe
starlette==0.49.3
    # via fastapi
tqdm==4.67.1
    # via openai
typing-extensions==4.15.0
    # via aiosignal
    # via anyio
    # via fastapi
    # via fastapi-poe
    # via openai
    # via pydantic
    # via pydantic-core
    # via starlette
    # via typing-inspection
typing-inspection==0.4.2
    # via pydantic
urllib3==2.5.0
    # via requests
uvicorn==0.38.0
    # via fastapi-poe
yarl==1.22.0
    # via aiohttp
